
Microsoft Visual Studio Solution File, Format Version 12.00
# Visual Studio Version 17
VisualStudioVersion = 17.4.33213.308
MinimumVisualStudioVersion = 10.0.40219.1
Project("{FAE04EC0-301F-11D3-BF4B-00C04F79EFBC}") = "st10089150 part1", "..\..\source\repos\st10089150 part1\st10089150 part1.csproj", "{04DD5CB3-835A-4DA3-BBB7-CE5E24180170}"
EndProject
Global
	GlobalSection(SolutionConfigurationPlatforms) = preSolution
		Debug|Any CPU = Debug|Any CPU
		Release|Any CPU = Release|Any CPU
	EndGlobalSection
	GlobalSection(ProjectConfigurationPlatforms) = postSolution
		{04DD5CB3-835A-4DA3-BBB7-CE5E24180170}.Debug|Any CPU.ActiveCfg = Debug|Any CPU
		{04DD5CB3-835A-4DA3-BBB7-CE5E24180170}.Debug|Any CPU.Build.0 = Debug|Any CPU
		{04DD5CB3-835A-4DA3-BBB7-CE5E24180170}.Release|Any CPU.ActiveCfg = Release|Any CPU
		{04DD5CB3-835A-4DA3-BBB7-CE5E24180170}.Release|Any CPU.Build.0 = Release|Any CPU
	EndGlobalSection
	GlobalSection(SolutionProperties) = preSolution
		HideSolutionNode = FALSE
	EndGlobalSection
	GlobalSection(ExtensibilityGlobals) = postSolution
		SolutionGuid = {44233893-0D47-4F31-9019-F02C36A5AEC1}
	EndGlobalSection
EndGlobal
